
Microsoft Visual Studio Solution File, Format Version 12.00
# Visual Studio Version 17
VisualStudioVersion = 17.14.36915.13 d17.14
MinimumVisualStudioVersion = 10.0.40219.1
Project("{FAE04EC0-301F-11D3-BF4B-00C04F79EFBC}") = "ECommerceOrdersAPI", "ECommerceOrdersAPI\ECommerceOrdersAPI.csproj", "{F8C64C58-591B-4B57-A0C6-85F0EE7AF82F}"
EndProject
Global
	GlobalSection(SolutionConfigurationPlatforms) = preSolution
		Debug|Any CPU = Debug|Any CPU
		Release|Any CPU = Release|Any CPU
	EndGlobalSection
	GlobalSection(ProjectConfigurationPlatforms) = postSolution
		{F8C64C58-591B-4B57-A0C6-85F0EE7AF82F}.Debug|Any CPU.ActiveCfg = Debug|Any CPU
		{F8C64C58-591B-4B57-A0C6-85F0EE7AF82F}.Debug|Any CPU.Build.0 = Debug|Any CPU
		{F8C64C58-591B-4B57-A0C6-85F0EE7AF82F}.Release|Any CPU.ActiveCfg = Release|Any CPU
		{F8C64C58-591B-4B57-A0C6-85F0EE7AF82F}.Release|Any CPU.Build.0 = Release|Any CPU
	EndGlobalSection
	GlobalSection(SolutionProperties) = preSolution
		HideSolutionNode = FALSE
	EndGlobalSection
	GlobalSection(ExtensibilityGlobals) = postSolution
		SolutionGuid = {276C30D6-B4FA-4844-AD3A-85C781B7B6A7}
	EndGlobalSection
EndGlobal
