
Microsoft Visual Studio Solution File, Format Version 12.00
# Visual Studio Version 17
VisualStudioVersion = 17.14.36915.13
MinimumVisualStudioVersion = 10.0.40219.1
Project("{FAE04EC0-301F-11D3-BF4B-00C04F79EFBC}") = "ECommerceOrders.Client", "ECommerceOrders.Client\ECommerceOrders.Client.csproj", "{57346900-9F24-4821-8038-479A088CBA91}"
EndProject
Global
	GlobalSection(SolutionConfigurationPlatforms) = preSolution
		Debug|Any CPU = Debug|Any CPU
		Release|Any CPU = Release|Any CPU
	EndGlobalSection
	GlobalSection(ProjectConfigurationPlatforms) = postSolution
		{57346900-9F24-4821-8038-479A088CBA91}.Debug|Any CPU.ActiveCfg = Debug|Any CPU
		{57346900-9F24-4821-8038-479A088CBA91}.Debug|Any CPU.Build.0 = Debug|Any CPU
		{57346900-9F24-4821-8038-479A088CBA91}.Release|Any CPU.ActiveCfg = Release|Any CPU
		{57346900-9F24-4821-8038-479A088CBA91}.Release|Any CPU.Build.0 = Release|Any CPU
	EndGlobalSection
	GlobalSection(SolutionProperties) = preSolution
		HideSolutionNode = FALSE
	EndGlobalSection
	GlobalSection(ExtensibilityGlobals) = postSolution
		SolutionGuid = {A9CB7365-9985-4FC7-9EDC-DB1F38009DD2}
	EndGlobalSection
EndGlobal
